// !$*UTF8*$!
{
	archiveVersion = 1;
	classes = {
	};
	objectVersion = 46;
	objects = {

/* Begin PBXBuildFile section */
		3178136E1D178257008A5DC9 /* main.c in Sources */ = {isa = PBXBuildFile; fileRef = 3178136D1D178257008A5DC9 /* main.c */; };
		317813751D1798BF008A5DC9 /* libglfw3.dylib in Frameworks */ = {isa = PBXBuildFile; fileRef = 317813741D1798BF008A5DC9 /* libglfw3.dylib */; };
		317813771D179CE2008A5DC9 /* libGLEW.dylib in Frameworks */ = {isa = PBXBuildFile; fileRef = 317813761D179CE2008A5DC9 /* libGLEW.dylib */; };
/* End PBXBuildFile section */

/* Begin PBXCopyFilesBuildPhase section */
		317813681D178257008A5DC9 /* CopyFiles */ = {
			isa = PBXCopyFilesBuildPhase;
			buildActionMask = 2147483647;
			dstPath = /usr/share/man/man1/;
			dstSubfolderSpec = 0;
			files = (
			);
			runOnlyForDeploymentPostprocessing = 1;
		};
/* End PBXCopyFilesBuildPhase section */

/* Begin PBXFileReference section */
		3178136A1D178257008A5DC9 /* ctest1 */ = {isa = PBXFileReference; explicitFileType = "compiled.mach-o.executable"; includeInIndex = 0; path = ctest1; sourceTree = BUILT_PRODUCTS_DIR; };
		3178136D1D178257008A5DC9 /* main.c */ = {isa = PBXFileReference; lastKnownFileType = sourcecode.c.c; path = main.c; sourceTree = "<group>"; };
		317813741D1798BF008A5DC9 /* libglfw3.dylib */ = {isa = PBXFileReference; lastKnownFileType = "compiled.mach-o.dylib"; name = libglfw3.dylib; path = ../../../../../../usr/local/Cellar/glfw3/3.1.2/lib/libglfw3.dylib; sourceTree = "<group>"; };
		317813761D179CE2008A5DC9 /* libGLEW.dylib */ = {isa = PBXFileReference; lastKnownFileType = "compiled.mach-o.dylib"; name = libGLEW.dylib; path = ../../../../../../usr/local/Cellar/glew/1.13.0/lib/libGLEW.dylib; sourceTree = "<group>"; };
/* End PBXFileReference section */

/* Begin PBXFrameworksBuildPhase section */
		317813671D178257008A5DC9 /* Frameworks */ = {
			isa = PBXFrameworksBuildPhase;
			buildActionMask = 2147483647;
			files = (
				317813751D1798BF008A5DC9 /* libglfw3.dylib in Frameworks */,
				317813771D179CE2008A5DC9 /* libGLEW.dylib in Frameworks */,
			);
			runOnlyForDeploymentPostprocessing = 0;
		};
/* End PBXFrameworksBuildPhase section */

/* Begin PBXGroup section */
		317813611D178257008A5DC9 = {
			isa = PBXGroup;
			children = (
				317813761D179CE2008A5DC9 /* libGLEW.dylib */,
				317813741D1798BF008A5DC9 /* libglfw3.dylib */,
				3178136C1D178257008A5DC9 /* ctest1 */,
				3178136B1D178257008A5DC9 /* Products */,
			);
			sourceTree = "<group>";
		};
		3178136B1D178257008A5DC9 /* Products */ = {
			isa = PBXGroup;
			children = (
				3178136A1D178257008A5DC9 /* ctest1 */,
			);
			name = Products;
			sourceTree = "<group>";
		};
		3178136C1D178257008A5DC9 /* ctest1 */ = {
			isa = PBXGroup;
			children = (
				3178136D1D178257008A5DC9 /* main.c */,
			);
			path = ctest1;
			sourceTree = "<group>";
		};
/* End PBXGroup section */

/* Begin PBXNativeTarget section */
		317813691D178257008A5DC9 /* ctest1 */ = {
			isa = PBXNativeTarget;
			buildConfigurationList = 317813711D178257008A5DC9 /* Build configuration list for PBXNativeTarget "ctest1" */;
			buildPhases = (
				317813661D178257008A5DC9 /* Sources */,
				317813671D178257008A5DC9 /* Frameworks */,
				317813681D178257008A5DC9 /* CopyFiles */,
			);
			buildRules = (
			);
			dependencies = (
			);
			name = ctest1;
			productName = ctest1;
			productReference = 3178136A1D178257008A5DC9 /* ctest1 */;
			productType = "com.apple.product-type.tool";
		};
/* End PBXNativeTarget section */

/* Begin PBXProject section */
		317813621D178257008A5DC9 /* Project object */ = {
			isa = PBXProject;
			attributes = {
				LastUpgradeCheck = 0710;
				ORGANIZATIONNAME = "xin wang";
				TargetAttributes = {
					317813691D178257008A5DC9 = {
						CreatedOnToolsVersion = 7.1.1;
					};
				};
			};
			buildConfigurationList = 317813651D178257008A5DC9 /* Build configuration list for PBXProject "ctest1" */;
			compatibilityVersion = "Xcode 3.2";
			developmentRegion = English;
			hasScannedForEncodings = 0;
			knownRegions = (
				en,
			);
			mainGroup = 317813611D178257008A5DC9;
			productRefGroup = 3178136B1D178257008A5DC9 /* Products */;
			projectDirPath = "";
			projectRoot = "";
			targets = (
				317813691D178257008A5DC9 /* ctest1 */,
			);
		};
/* End PBXProject section */

/* Begin PBXSourcesBuildPhase section */
		317813661D178257008A5DC9 /* Sources */ = {
			isa = PBXSourcesBuildPhase;
			buildActionMask = 2147483647;
			files = (
				3178136E1D178257008A5DC9 /* main.c in Sources */,
			);
			runOnlyForDeploymentPostprocessing = 0;
		};
/* End PBXSourcesBuildPhase section */

/* Begin XCBuildConfiguration section */
		3178136F1D178257008A5DC9 /* Debug */ = {
			isa = XCBuildConfiguration;
			buildSettings = {
				ALWAYS_SEARCH_USER_PATHS = NO;
				CLANG_CXX_LANGUAGE_STANDARD = "gnu++0x";
				CLANG_CXX_LIBRARY = "libc++";
				CLANG_ENABLE_MODULES = YES;
				CLANG_ENABLE_OBJC_ARC = YES;
				CLANG_WARN_BOOL_CONVERSION = YES;
				CLANG_WARN_CONSTANT_CONVERSION = YES;
				CLANG_WARN_DIRECT_OBJC_ISA_USAGE = YES_ERROR;
				CLANG_WARN_EMPTY_BODY = YES;
				CLANG_WARN_ENUM_CONVERSION = YES;
				CLANG_WARN_INT_CONVERSION = YES;
				CLANG_WARN_OBJC_ROOT_CLASS = YES_ERROR;
				CLANG_WARN_UNREACHABLE_CODE = YES;
				CLANG_WARN__DUPLICATE_METHOD_MATCH = YES;
				CODE_SIGN_IDENTITY = "-";
				COPY_PHASE_STRIP = NO;
				DEBUG_INFORMATION_FORMAT = dwarf;
				ENABLE_STRICT_OBJC_MSGSEND = YES;
				ENABLE_TESTABILITY = YES;
				GCC_C_LANGUAGE_STANDARD = gnu99;
				GCC_DYNAMIC_NO_PIC = NO;
				GCC_NO_COMMON_BLOCKS = YES;
				GCC_OPTIMIZATION_LEVEL = 0;
				GCC_PREPROCESSOR_DEFINITIONS = (
					"DEBUG=1",
					"$(inherited)",
				);
				GCC_WARN_64_TO_32_BIT_CONVERSION = YES;
				GCC_WARN_ABOUT_RETURN_TYPE = YES_ERROR;
				GCC_WARN_UNDECLARED_SELECTOR = YES;
				GCC_WARN_UNINITIALIZED_AUTOS = YES_AGGRESSIVE;
				GCC_WARN_UNUSED_FUNCTION = YES;
				GCC_WARN_UNUSED_VARIABLE = YES;
				MACOSX_DEPLOYMENT_TARGET = 10.11;
				MTL_ENABLE_DEBUG_INFO = YES;
				ONLY_ACTIVE_ARCH = YES;
				SDKROOT = macosx;
			};
			name = Debug;
		};
		317813701D178257008A5DC9 /* Release */ = {
			isa = XCBuildConfiguration;
			buildSettings = {
				ALWAYS_SEARCH_USER_PATHS = NO;
				CLANG_CXX_LANGUAGE_STANDARD = "gnu++0x";
				CLANG_CXX_LIBRARY = "libc++";
				CLANG_ENABLE_MODULES = YES;
				CLANG_ENABLE_OBJC_ARC = YES;
				CLANG_WARN_BOOL_CONVERSION = YES;
				CLANG_WARN_CONSTANT_CONVERSION = YES;
				CLANG_WARN_DIRECT_OBJC_ISA_USAGE = YES_ERROR;
				CLANG_WARN_EMPTY_BODY = YES;
				CLANG_WARN_ENUM_CONVERSION = YES;
				CLANG_WARN_INT_CONVERSION = YES;
				CLANG_WARN_OBJC_ROOT_CLASS = YES_ERROR;
				CLANG_WARN_UNREACHABLE_CODE = YES;
				CLANG_WARN__DUPLICATE_METHOD_MATCH = YES;
				CODE_SIGN_IDENTITY = "-";
				COPY_PHASE_STRIP = NO;
				DEBUG_INFORMATION_FORMAT = "dwarf-with-dsym";
				ENABLE_NS_ASSERTIONS = NO;
				ENABLE_STRICT_OBJC_MSGSEND = YES;
				GCC_C_LANGUAGE_STANDARD = gnu99;
				GCC_NO_COMMON_BLOCKS = YES;
				GCC_WARN_64_TO_32_BIT_CONVERSION = YES;
				GCC_WARN_ABOUT_RETURN_TYPE = YES_ERROR;
				GCC_WARN_UNDECLARED_SELECTOR = YES;
				GCC_WARN_UNINITIALIZED_AUTOS = YES_AGGRESSIVE;
				GCC_WARN_UNUSED_FUNCTION = YES;
				GCC_WARN_UNUSED_VARIABLE = YES;
				MACOSX_DEPLOYMENT_TARGET = 10.11;
				MTL_ENABLE_DEBUG_INFO = NO;
				SDKROOT = macosx;
			};
			name = Release;
		};
		317813721D178257008A5DC9 /* Debug */ = {
			isa = XCBuildConfiguration;
			buildSettings = {
				HEADER_SEARCH_PATHS = (
					/usr/local/Cellar/glfw3/3.1.2/include,
					/usr/local/Cellar/glew/1.13.0/include,
				);
				LIBRARY_SEARCH_PATHS = (
					"$(inherited)",
					/usr/local/Cellar/glfw3/3.1.2/lib,
					/usr/local/Cellar/glew/1.13.0/lib,
				);
				PRODUCT_NAME = "$(TARGET_NAME)";
			};
			name = Debug;
		};
		317813731D178257008A5DC9 /* Release */ = {
			isa = XCBuildConfiguration;
			buildSettings = {
				HEADER_SEARCH_PATHS = (
					/usr/local/Cellar/glfw3/3.1.2/include,
					/usr/local/Cellar/glew/1.13.0/include,
				);
				LIBRARY_SEARCH_PATHS = (
					"$(inherited)",
					/usr/local/Cellar/glfw3/3.1.2/lib,
					/usr/local/Cellar/glew/1.13.0/lib,
				);
				PRODUCT_NAME = "$(TARGET_NAME)";
			};
			name = Release;
		};
/* End XCBuildConfiguration section */

/* Begin XCConfigurationList section */
		317813651D178257008A5DC9 /* Build configuration list for PBXProject "ctest1" */ = {
			isa = XCConfigurationList;
			buildConfigurations = (
				3178136F1D178257008A5DC9 /* Debug */,
				317813701D178257008A5DC9 /* Release */,
			);
			defaultConfigurationIsVisible = 0;
			defaultConfigurationName = Release;
		};
		317813711D178257008A5DC9 /* Build configuration list for PBXNativeTarget "ctest1" */ = {
			isa = XCConfigurationList;
			buildConfigurations = (
				317813721D178257008A5DC9 /* Debug */,
				317813731D178257008A5DC9 /* Release */,
			);
			defaultConfigurationIsVisible = 0;
		};
/* End XCConfigurationList section */
	};
	rootObject = 317813621D178257008A5DC9 /* Project object */;
}
